
Microsoft Visual Studio Solution File, Format Version 12.00
# Visual Studio 2013
VisualStudioVersion = 12.0.40629.0
MinimumVisualStudioVersion = 10.0.40219.1
Project("{FAE04EC0-301F-11D3-BF4B-00C04F79EFBC}") = "StatRepertoire", "StatRepertoire\StatRepertoire.csproj", "{D65F2943-21A1-4B59-ABC2-347511BE690A}"
EndProject
Global
	GlobalSection(SolutionConfigurationPlatforms) = preSolution
		Debug|Any CPU = Debug|Any CPU
		Release|Any CPU = Release|Any CPU
	EndGlobalSection
	GlobalSection(ProjectConfigurationPlatforms) = postSolution
		{D65F2943-21A1-4B59-ABC2-347511BE690A}.Debug|Any CPU.ActiveCfg = Debug|Any CPU
		{D65F2943-21A1-4B59-ABC2-347511BE690A}.Debug|Any CPU.Build.0 = Debug|Any CPU
		{D65F2943-21A1-4B59-ABC2-347511BE690A}.Release|Any CPU.ActiveCfg = Release|Any CPU
		{D65F2943-21A1-4B59-ABC2-347511BE690A}.Release|Any CPU.Build.0 = Release|Any CPU
	EndGlobalSection
	GlobalSection(SolutionProperties) = preSolution
		HideSolutionNode = FALSE
	EndGlobalSection
EndGlobal
